
Microsoft Visual Studio Solution File, Format Version 12.00
# Visual Studio Version 17
VisualStudioVersion = 17.10.35004.147
MinimumVisualStudioVersion = 10.0.40219.1
Project("{FAE04EC0-301F-11D3-BF4B-00C04F79EFBC}") = "instructiontool", "instructiontool\instructiontool.csproj", "{442A87FC-EB9A-498D-9855-D38D8DB73B05}"
EndProject
Global
	GlobalSection(SolutionConfigurationPlatforms) = preSolution
		Debug|Any CPU = Debug|Any CPU
		Release|Any CPU = Release|Any CPU
	EndGlobalSection
	GlobalSection(ProjectConfigurationPlatforms) = postSolution
		{442A87FC-EB9A-498D-9855-D38D8DB73B05}.Debug|Any CPU.ActiveCfg = Debug|Any CPU
		{442A87FC-EB9A-498D-9855-D38D8DB73B05}.Debug|Any CPU.Build.0 = Debug|Any CPU
		{442A87FC-EB9A-498D-9855-D38D8DB73B05}.Release|Any CPU.ActiveCfg = Release|Any CPU
		{442A87FC-EB9A-498D-9855-D38D8DB73B05}.Release|Any CPU.Build.0 = Release|Any CPU
	EndGlobalSection
	GlobalSection(SolutionProperties) = preSolution
		HideSolutionNode = FALSE
	EndGlobalSection
	GlobalSection(ExtensibilityGlobals) = postSolution
		SolutionGuid = {18E4A757-40FC-4706-BC13-4052DD00AB99}
	EndGlobalSection
EndGlobal
